gitee.com/rocket049/discover-go v0.0.0-20200622001129-c94ccea7cd7e h1:H3ahc0egRsmuoDrZMcuHQi5Phkh9I4SW7gT93P/NU8I=
gitee.com/rocket049/discover-go v0.0.0-20200622001129-c94ccea7cd7e/go.mod h1:7AxumvCSuayMdlg6oclxwvf22O+iAsFteMhun+kO+gc=
github.com/skip2/go-qrcode v0.0.0-20190110000554-dc11ecdae0a9 h1:lpEzuenPuO1XNTeikEmvqYFcU37GVLl8SRNblzyvGBE=
github.com/skip2/go-qrcode v0.0.0-20190110000554-dc11ecdae0a9/go.mod h1:PLPIyL7ikehBD1OAjmKKiOEhbvWyHGaNDjquXMcYABo=
github.com/skratchdot/open-golang v0.0.0-20190402232053-79abb63cd66e h1:VAzdS5Nw68fbf5RZ8RDVlUvPXNU6Z3jtPCK/qvm4FoQ=
github.com/skratchdot/open-golang v0.0.0-20190402232053-79abb63cd66e/go.mod h1:sUM3LWHvSMaG192sy56D9F7CNvL7jUJVXoqM1QKLnog=
